
Microsoft Visual Studio Solution File, Format Version 12.00
# Visual Studio 15
VisualStudioVersion = 15.0.26730.16
MinimumVisualStudioVersion = 10.0.40219.1
Project("{FAE04EC0-301F-11D3-BF4B-00C04F79EFBC}") = "15DH110284", "15DH110284\15DH110284.csproj", "{1338E458-09DC-427D-A6A3-78BFD6725B03}"
EndProject
Global
	GlobalSection(SolutionConfigurationPlatforms) = preSolution
		Debug|Any CPU = Debug|Any CPU
		Release|Any CPU = Release|Any CPU
	EndGlobalSection
	GlobalSection(ProjectConfigurationPlatforms) = postSolution
		{1338E458-09DC-427D-A6A3-78BFD6725B03}.Debug|Any CPU.ActiveCfg = Debug|Any CPU
		{1338E458-09DC-427D-A6A3-78BFD6725B03}.Debug|Any CPU.Build.0 = Debug|Any CPU
		{1338E458-09DC-427D-A6A3-78BFD6725B03}.Release|Any CPU.ActiveCfg = Release|Any CPU
		{1338E458-09DC-427D-A6A3-78BFD6725B03}.Release|Any CPU.Build.0 = Release|Any CPU
	EndGlobalSection
	GlobalSection(SolutionProperties) = preSolution
		HideSolutionNode = FALSE
	EndGlobalSection
	GlobalSection(ExtensibilityGlobals) = postSolution
		SolutionGuid = {1A8513D9-0408-4F93-BCFB-919372DE9C9D}
	EndGlobalSection
EndGlobal
